
Microsoft Visual Studio Solution File, Format Version 12.00
# Visual Studio Version 16
VisualStudioVersion = 16.0.30804.86
MinimumVisualStudioVersion = 10.0.40219.1
Project("{FAE04EC0-301F-11D3-BF4B-00C04F79EFBC}") = "SortOfAGoodTime", "CSC_212_Final\SortOfAGoodTime.csproj", "{5D5CCFE3-2EBA-4AA7-A996-10EA4DC2844F}"
EndProject
Global
	GlobalSection(SolutionConfigurationPlatforms) = preSolution
		Debug|Any CPU = Debug|Any CPU
		Release|Any CPU = Release|Any CPU
	EndGlobalSection
	GlobalSection(ProjectConfigurationPlatforms) = postSolution
		{5D5CCFE3-2EBA-4AA7-A996-10EA4DC2844F}.Debug|Any CPU.ActiveCfg = Debug|Any CPU
		{5D5CCFE3-2EBA-4AA7-A996-10EA4DC2844F}.Debug|Any CPU.Build.0 = Debug|Any CPU
		{5D5CCFE3-2EBA-4AA7-A996-10EA4DC2844F}.Release|Any CPU.ActiveCfg = Release|Any CPU
		{5D5CCFE3-2EBA-4AA7-A996-10EA4DC2844F}.Release|Any CPU.Build.0 = Release|Any CPU
	EndGlobalSection
	GlobalSection(SolutionProperties) = preSolution
		HideSolutionNode = FALSE
	EndGlobalSection
	GlobalSection(ExtensibilityGlobals) = postSolution
		SolutionGuid = {C0BC29CE-EA0E-4324-B4CF-4395C5E797EF}
	EndGlobalSection
EndGlobal
